PODS:
  - Flutter (1.0.0)
  - flutter_activity_recognition (0.0.1):
    - Flutter

DEPENDENCIES:
  - Flutter (from `Flutter`)
  - flutter_activity_recognition (from `.symlinks/plugins/flutter_activity_recognition/ios`)

EXTERNAL SOURCES:
  Flutter:
    :path: Flutter
  flutter_activity_recognition:
    :path: ".symlinks/plugins/flutter_activity_recognition/ios"

SPEC CHECKSUMS:
  Flutter: cabc95a1d2626b1b06e7179b784ebcf0c0cde467
  flutter_activity_recognition: 52dfad4c1e9cec99f0841b3ed0efcc9d424b3deb

PODFILE CHECKSUM: 85e7a505d96657e2553b17318b1193736ecf4b44

COCOAPODS: 1.16.2
