{
  "pins" : [
    {
      "identity" : "motiontag-sdk-ios-releases",
      "kind" : "remoteSourceControl",
      "location" : "https://github.com/MOTIONTAG/motiontag-sdk-ios-releases.git",
      "state" : {
        "revision" : "05c5a720036854aea64d951cb9661d70dc2b57ad",
        "version" : "8.1.2"
      }
    }
  ],
  "version" : 2
}
